
Microsoft Visual Studio Solution File, Format Version 12.00
# Visual Studio Version 17
VisualStudioVersion = 17.4.33110.190
MinimumVisualStudioVersion = 10.0.40219.1
Project("{FAE04EC0-301F-11D3-BF4B-00C04F79EFBC}") = "01_A", "01_A\01_A.csproj", "{84B59ECE-A6DD-439A-A61B-F5FF9CA6A741}"
EndProject
Project("{FAE04EC0-301F-11D3-BF4B-00C04F79EFBC}") = "01_B", "01_B\01_B.csproj", "{AB56B141-3B8E-4A98-BC7A-09942FD4377D}"
EndProject
Project("{FAE04EC0-301F-11D3-BF4B-00C04F79EFBC}") = "02_A", "02_A\02_A.csproj", "{280DF69A-0E35-4169-B676-77F8B7AAE633}"
EndProject
Project("{FAE04EC0-301F-11D3-BF4B-00C04F79EFBC}") = "02_B", "02_B\02_B.csproj", "{EE14EE17-3376-48C1-AACF-513A6F572904}"
EndProject
Project("{FAE04EC0-301F-11D3-BF4B-00C04F79EFBC}") = "03_A", "03_A\03_A.csproj", "{FD5286AF-9F44-480A-8277-2E153A55770C}"
EndProject
Project("{FAE04EC0-301F-11D3-BF4B-00C04F79EFBC}") = "03_B", "03_B\03_B.csproj", "{F5391631-5BA9-4714-886A-6BFF5A8787D2}"
EndProject
Project("{FAE04EC0-301F-11D3-BF4B-00C04F79EFBC}") = "04_A", "04_A\04_A.csproj", "{94DDF095-B2E9-40A0-9523-4D2625F6FE30}"
EndProject
Project("{FAE04EC0-301F-11D3-BF4B-00C04F79EFBC}") = "04_B", "04_B\04_B.csproj", "{71874414-840B-4A4A-9D45-520D03C42458}"
EndProject
Project("{FAE04EC0-301F-11D3-BF4B-00C04F79EFBC}") = "05_A", "05_A\05_A.csproj", "{7B44CD11-DF92-4874-98AE-B87800412E99}"
EndProject
Project("{FAE04EC0-301F-11D3-BF4B-00C04F79EFBC}") = "05_B", "05_B\05_B.csproj", "{5BC36C02-96BD-4C15-B077-0539F28FA55A}"
EndProject
Project("{FAE04EC0-301F-11D3-BF4B-00C04F79EFBC}") = "06_A", "06_A\06_A.csproj", "{534C02E2-E4B7-4B50-97F7-6311B2678A8E}"
EndProject
Project("{FAE04EC0-301F-11D3-BF4B-00C04F79EFBC}") = "06_B", "06_B\06_B.csproj", "{7EB9F04C-70C3-42CF-B6FF-7D71AC2AEF4F}"
EndProject
Project("{FAE04EC0-301F-11D3-BF4B-00C04F79EFBC}") = "07_A", "07_A\07_A.csproj", "{E393B020-194E-49AA-B940-F1E23A4DA328}"
EndProject
Project("{FAE04EC0-301F-11D3-BF4B-00C04F79EFBC}") = "07_B", "07_B\07_B.csproj", "{CBA8E663-3172-4195-AB47-60786AE51285}"
EndProject
Project("{FAE04EC0-301F-11D3-BF4B-00C04F79EFBC}") = "08_A", "08_A\08_A.csproj", "{6C25AD13-2E44-4D09-B613-CDB0A991C433}"
EndProject
Project("{FAE04EC0-301F-11D3-BF4B-00C04F79EFBC}") = "08_B", "08_B\08_B.csproj", "{AB961C4F-E5E4-4517-8FC6-5AA576E2C9B0}"
EndProject
Project("{FAE04EC0-301F-11D3-BF4B-00C04F79EFBC}") = "09_A", "09_A\09_A.csproj", "{3FCBE50F-645E-4F24-AF94-78A12E71D6DF}"
EndProject
Project("{FAE04EC0-301F-11D3-BF4B-00C04F79EFBC}") = "09_B", "09_B\09_B.csproj", "{2BDA52A9-D438-4BFD-9954-DEA80642EF16}"
EndProject
Project("{FAE04EC0-301F-11D3-BF4B-00C04F79EFBC}") = "10_A", "10_A\10_A.csproj", "{A1E83AF7-DDE1-41E2-A0A5-A8BA5698FC54}"
EndProject
Project("{FAE04EC0-301F-11D3-BF4B-00C04F79EFBC}") = "10_B", "10_B\10_B.csproj", "{0AE83E2C-EFEB-4FEC-8BD6-5B54143F6D30}"
EndProject
Project("{FAE04EC0-301F-11D3-BF4B-00C04F79EFBC}") = "11_A", "11_A\11_A.csproj", "{F91DD9B1-E195-40E2-A576-88989C56CD2A}"
EndProject
Project("{FAE04EC0-301F-11D3-BF4B-00C04F79EFBC}") = "11_B", "11_B\11_B.csproj", "{A41503D3-E31F-46FE-89D4-0BC18B7CE3F0}"
EndProject
Project("{FAE04EC0-301F-11D3-BF4B-00C04F79EFBC}") = "12_A", "12_A\12_A.csproj", "{54DE97D1-B1D6-40D0-898E-1D3972C7CC7B}"
EndProject
Project("{FAE04EC0-301F-11D3-BF4B-00C04F79EFBC}") = "12_B", "12_B\12_B.csproj", "{590C6985-279A-48EF-B803-CEF9B2CFF9D1}"
EndProject
Project("{FAE04EC0-301F-11D3-BF4B-00C04F79EFBC}") = "13_A", "13_A\13_A.csproj", "{FB9B580A-E785-47B5-9C42-FD5C13FDDE0A}"
EndProject
Project("{FAE04EC0-301F-11D3-BF4B-00C04F79EFBC}") = "13_B", "13_B\13_B.csproj", "{D5924791-6F6D-4124-B1C6-06E6F251B62D}"
EndProject
Project("{FAE04EC0-301F-11D3-BF4B-00C04F79EFBC}") = "14_A", "14_A\14_A.csproj", "{45EBFCF6-38FD-4C50-86F4-57BF21032F66}"
EndProject
Project("{FAE04EC0-301F-11D3-BF4B-00C04F79EFBC}") = "14_B", "14_B\14_B.csproj", "{65F214B1-38B5-418E-B794-9BB0511A3501}"
EndProject
Project("{FAE04EC0-301F-11D3-BF4B-00C04F79EFBC}") = "15_A", "15_A\15_A.csproj", "{CFA0E95E-7358-48CF-AA68-659ED17B2183}"
EndProject
Project("{FAE04EC0-301F-11D3-BF4B-00C04F79EFBC}") = "15_B", "15_B\15_B.csproj", "{92884712-D90D-4F15-B5CF-F2A3BA99EF28}"
EndProject
Project("{FAE04EC0-301F-11D3-BF4B-00C04F79EFBC}") = "16_A", "16_A\16_A.csproj", "{431DD7C9-DD1A-4034-84C2-B56CE272AEB9}"
EndProject
Project("{FAE04EC0-301F-11D3-BF4B-00C04F79EFBC}") = "16_B", "16_B\16_B.csproj", "{BAB47918-D986-4658-A179-B1038A645C15}"
EndProject
Project("{FAE04EC0-301F-11D3-BF4B-00C04F79EFBC}") = "17_A", "17_A\17_A.csproj", "{500255E0-D9EC-4434-BE74-4F208A19075F}"
EndProject
Project("{FAE04EC0-301F-11D3-BF4B-00C04F79EFBC}") = "17_B", "17_B\17_B.csproj", "{273151A8-B09C-4679-B8D1-CCB4DDA1FD3B}"
EndProject
Project("{FAE04EC0-301F-11D3-BF4B-00C04F79EFBC}") = "18_A", "18_A\18_A.csproj", "{516ABEF2-5BB3-4EAA-8C10-7AD7450FEE2E}"
EndProject
Project("{FAE04EC0-301F-11D3-BF4B-00C04F79EFBC}") = "18_B", "18_B\18_B.csproj", "{D06AF136-F15A-4EDC-8EF8-9276F2ADF428}"
EndProject
Project("{FAE04EC0-301F-11D3-BF4B-00C04F79EFBC}") = "19_A", "19_A\19_A.csproj", "{8394999E-8616-4124-999D-F8A8AFAB5400}"
EndProject
Project("{FAE04EC0-301F-11D3-BF4B-00C04F79EFBC}") = "19_B", "19_B\19_B.csproj", "{583B219E-62DE-4231-B175-1A87B00D5141}"
EndProject
Project("{FAE04EC0-301F-11D3-BF4B-00C04F79EFBC}") = "20_A", "20_A\20_A.csproj", "{FA657AEC-E978-4735-A699-588394860B99}"
EndProject
Project("{FAE04EC0-301F-11D3-BF4B-00C04F79EFBC}") = "20_B", "20_B\20_B.csproj", "{FC46F3B2-DF11-4E0E-AB3A-4EA398F5E21E}"
EndProject
Project("{FAE04EC0-301F-11D3-BF4B-00C04F79EFBC}") = "21_A", "21_A\21_A.csproj", "{CAADBC1F-3E66-41BF-A75D-D000990FD615}"
EndProject
Project("{FAE04EC0-301F-11D3-BF4B-00C04F79EFBC}") = "21_B", "21_B\21_B.csproj", "{9C821B58-43DA-4261-BB8B-F50AE74D8615}"
EndProject
Project("{FAE04EC0-301F-11D3-BF4B-00C04F79EFBC}") = "22_A", "22_A\22_A.csproj", "{D4A4A508-98DB-4D2D-8705-25BB096B13D4}"
EndProject
Project("{FAE04EC0-301F-11D3-BF4B-00C04F79EFBC}") = "22_B", "22_B\22_B.csproj", "{9E868A5E-6A32-4C9D-91C5-6EDFAD9BC1BF}"
EndProject
Project("{FAE04EC0-301F-11D3-BF4B-00C04F79EFBC}") = "23_A", "23_A\23_A.csproj", "{30B390B9-C241-4CC4-A4D9-44F894A71E7A}"
EndProject
Project("{FAE04EC0-301F-11D3-BF4B-00C04F79EFBC}") = "23_B", "23_B\23_B.csproj", "{0CEA63AF-D8EA-4C26-B435-53BFE54A591A}"
EndProject
Project("{FAE04EC0-301F-11D3-BF4B-00C04F79EFBC}") = "24_A", "24_A\24_A.csproj", "{4AEBA703-75E9-4AD6-A4EB-7561F03BB914}"
EndProject
Project("{FAE04EC0-301F-11D3-BF4B-00C04F79EFBC}") = "24_B", "24_B\24_B.csproj", "{1ADDBD8C-99B7-426E-AD90-6358B50C5761}"
EndProject
Project("{FAE04EC0-301F-11D3-BF4B-00C04F79EFBC}") = "25_A", "25_A\25_A.csproj", "{DC061E02-53A3-48F2-BBEE-D7732222B390}"
EndProject
Project("{FAE04EC0-301F-11D3-BF4B-00C04F79EFBC}") = "25_B", "25_B\25_B.csproj", "{B5218433-B6EF-46C3-9409-C0C44B48D87B}"
EndProject
Global
	GlobalSection(SolutionProperties) = preSolution
		HideSolutionNode = FALSE
	EndGlobalSection
	GlobalSection(ExtensibilityGlobals) = postSolution
		SolutionGuid = {19E407F1-1E8F-4E31-B592-80B30324984A}
	EndGlobalSection
	GlobalSection(SolutionConfigurationPlatforms) = preSolution
		Debug|Any CPU = Debug|Any CPU
		Debug|x64 = Debug|x64
		Debug|x86 = Debug|x86
		Release|Any CPU = Release|Any CPU
		Release|x64 = Release|x64
		Release|x86 = Release|x86
	EndGlobalSection
	GlobalSection(ProjectConfigurationPlatforms) = postSolution
		{84B59ECE-A6DD-439A-A61B-F5FF9CA6A741}.Debug|Any CPU.ActiveCfg = Debug|Any CPU
		{84B59ECE-A6DD-439A-A61B-F5FF9CA6A741}.Debug|Any CPU.Build.0 = Debug|Any CPU
		{84B59ECE-A6DD-439A-A61B-F5FF9CA6A741}.Debug|x64.ActiveCfg = Debug|Any CPU
		{84B59ECE-A6DD-439A-A61B-F5FF9CA6A741}.Debug|x64.Build.0 = Debug|Any CPU
		{84B59ECE-A6DD-439A-A61B-F5FF9CA6A741}.Debug|x86.ActiveCfg = Debug|Any CPU
		{84B59ECE-A6DD-439A-A61B-F5FF9CA6A741}.Debug|x86.Build.0 = Debug|Any CPU
		{84B59ECE-A6DD-439A-A61B-F5FF9CA6A741}.Release|Any CPU.ActiveCfg = Release|Any CPU
		{84B59ECE-A6DD-439A-A61B-F5FF9CA6A741}.Release|Any CPU.Build.0 = Release|Any CPU
		{84B59ECE-A6DD-439A-A61B-F5FF9CA6A741}.Release|x64.ActiveCfg = Release|Any CPU
		{84B59ECE-A6DD-439A-A61B-F5FF9CA6A741}.Release|x64.Build.0 = Release|Any CPU
		{84B59ECE-A6DD-439A-A61B-F5FF9CA6A741}.Release|x86.ActiveCfg = Release|Any CPU
		{84B59ECE-A6DD-439A-A61B-F5FF9CA6A741}.Release|x86.Build.0 = Release|Any CPU
		{AB56B141-3B8E-4A98-BC7A-09942FD4377D}.Debug|Any CPU.ActiveCfg = Debug|Any CPU
		{AB56B141-3B8E-4A98-BC7A-09942FD4377D}.Debug|Any CPU.Build.0 = Debug|Any CPU
		{AB56B141-3B8E-4A98-BC7A-09942FD4377D}.Debug|x64.ActiveCfg = Debug|Any CPU
		{AB56B141-3B8E-4A98-BC7A-09942FD4377D}.Debug|x64.Build.0 = Debug|Any CPU
		{AB56B141-3B8E-4A98-BC7A-09942FD4377D}.Debug|x86.ActiveCfg = Debug|Any CPU
		{AB56B141-3B8E-4A98-BC7A-09942FD4377D}.Debug|x86.Build.0 = Debug|Any CPU
		{AB56B141-3B8E-4A98-BC7A-09942FD4377D}.Release|Any CPU.ActiveCfg = Release|Any CPU
		{AB56B141-3B8E-4A98-BC7A-09942FD4377D}.Release|Any CPU.Build.0 = Release|Any CPU
		{AB56B141-3B8E-4A98-BC7A-09942FD4377D}.Release|x64.ActiveCfg = Release|Any CPU
		{AB56B141-3B8E-4A98-BC7A-09942FD4377D}.Release|x64.Build.0 = Release|Any CPU
		{AB56B141-3B8E-4A98-BC7A-09942FD4377D}.Release|x86.ActiveCfg = Release|Any CPU
		{AB56B141-3B8E-4A98-BC7A-09942FD4377D}.Release|x86.Build.0 = Release|Any CPU
		{280DF69A-0E35-4169-B676-77F8B7AAE633}.Debug|Any CPU.ActiveCfg = Debug|Any CPU
		{280DF69A-0E35-4169-B676-77F8B7AAE633}.Debug|Any CPU.Build.0 = Debug|Any CPU
		{280DF69A-0E35-4169-B676-77F8B7AAE633}.Debug|x64.ActiveCfg = Debug|Any CPU
		{280DF69A-0E35-4169-B676-77F8B7AAE633}.Debug|x64.Build.0 = Debug|Any CPU
		{280DF69A-0E35-4169-B676-77F8B7AAE633}.Debug|x86.ActiveCfg = Debug|Any CPU
		{280DF69A-0E35-4169-B676-77F8B7AAE633}.Debug|x86.Build.0 = Debug|Any CPU
		{280DF69A-0E35-4169-B676-77F8B7AAE633}.Release|Any CPU.ActiveCfg = Release|Any CPU
		{280DF69A-0E35-4169-B676-77F8B7AAE633}.Release|Any CPU.Build.0 = Release|Any CPU
		{280DF69A-0E35-4169-B676-77F8B7AAE633}.Release|x64.ActiveCfg = Release|Any CPU
		{280DF69A-0E35-4169-B676-77F8B7AAE633}.Release|x64.Build.0 = Release|Any CPU
		{280DF69A-0E35-4169-B676-77F8B7AAE633}.Release|x86.ActiveCfg = Release|Any CPU
		{280DF69A-0E35-4169-B676-77F8B7AAE633}.Release|x86.Build.0 = Release|Any CPU
		{EE14EE17-3376-48C1-AACF-513A6F572904}.Debug|Any CPU.ActiveCfg = Debug|Any CPU
		{EE14EE17-3376-48C1-AACF-513A6F572904}.Debug|Any CPU.Build.0 = Debug|Any CPU
		{EE14EE17-3376-48C1-AACF-513A6F572904}.Debug|x64.ActiveCfg = Debug|Any CPU
		{EE14EE17-3376-48C1-AACF-513A6F572904}.Debug|x64.Build.0 = Debug|Any CPU
		{EE14EE17-3376-48C1-AACF-513A6F572904}.Debug|x86.ActiveCfg = Debug|Any CPU
		{EE14EE17-3376-48C1-AACF-513A6F572904}.Debug|x86.Build.0 = Debug|Any CPU
		{EE14EE17-3376-48C1-AACF-513A6F572904}.Release|Any CPU.ActiveCfg = Release|Any CPU
		{EE14EE17-3376-48C1-AACF-513A6F572904}.Release|Any CPU.Build.0 = Release|Any CPU
		{EE14EE17-3376-48C1-AACF-513A6F572904}.Release|x64.ActiveCfg = Release|Any CPU
		{EE14EE17-3376-48C1-AACF-513A6F572904}.Release|x64.Build.0 = Release|Any CPU
		{EE14EE17-3376-48C1-AACF-513A6F572904}.Release|x86.ActiveCfg = Release|Any CPU
		{EE14EE17-3376-48C1-AACF-513A6F572904}.Release|x86.Build.0 = Release|Any CPU
		{FD5286AF-9F44-480A-8277-2E153A55770C}.Debug|Any CPU.ActiveCfg = Debug|Any CPU
		{FD5286AF-9F44-480A-8277-2E153A55770C}.Debug|Any CPU.Build.0 = Debug|Any CPU
		{FD5286AF-9F44-480A-8277-2E153A55770C}.Debug|x64.ActiveCfg = Debug|Any CPU
		{FD5286AF-9F44-480A-8277-2E153A55770C}.Debug|x64.Build.0 = Debug|Any CPU
		{FD5286AF-9F44-480A-8277-2E153A55770C}.Debug|x86.ActiveCfg = Debug|Any CPU
		{FD5286AF-9F44-480A-8277-2E153A55770C}.Debug|x86.Build.0 = Debug|Any CPU
		{FD5286AF-9F44-480A-8277-2E153A55770C}.Release|Any CPU.ActiveCfg = Release|Any CPU
		{FD5286AF-9F44-480A-8277-2E153A55770C}.Release|Any CPU.Build.0 = Release|Any CPU
		{FD5286AF-9F44-480A-8277-2E153A55770C}.Release|x64.ActiveCfg = Release|Any CPU
		{FD5286AF-9F44-480A-8277-2E153A55770C}.Release|x64.Build.0 = Release|Any CPU
		{FD5286AF-9F44-480A-8277-2E153A55770C}.Release|x86.ActiveCfg = Release|Any CPU
		{FD5286AF-9F44-480A-8277-2E153A55770C}.Release|x86.Build.0 = Release|Any CPU
		{F5391631-5BA9-4714-886A-6BFF5A8787D2}.Debug|Any CPU.ActiveCfg = Debug|Any CPU
		{F5391631-5BA9-4714-886A-6BFF5A8787D2}.Debug|Any CPU.Build.0 = Debug|Any CPU
		{F5391631-5BA9-4714-886A-6BFF5A8787D2}.Debug|x64.ActiveCfg = Debug|Any CPU
		{F5391631-5BA9-4714-886A-6BFF5A8787D2}.Debug|x64.Build.0 = Debug|Any CPU
		{F5391631-5BA9-4714-886A-6BFF5A8787D2}.Debug|x86.ActiveCfg = Debug|Any CPU
		{F5391631-5BA9-4714-886A-6BFF5A8787D2}.Debug|x86.Build.0 = Debug|Any CPU
		{F5391631-5BA9-4714-886A-6BFF5A8787D2}.Release|Any CPU.ActiveCfg = Release|Any CPU
		{F5391631-5BA9-4714-886A-6BFF5A8787D2}.Release|Any CPU.Build.0 = Release|Any CPU
		{F5391631-5BA9-4714-886A-6BFF5A8787D2}.Release|x64.ActiveCfg = Release|Any CPU
		{F5391631-5BA9-4714-886A-6BFF5A8787D2}.Release|x64.Build.0 = Release|Any CPU
		{F5391631-5BA9-4714-886A-6BFF5A8787D2}.Release|x86.ActiveCfg = Release|Any CPU
		{F5391631-5BA9-4714-886A-6BFF5A8787D2}.Release|x86.Build.0 = Release|Any CPU
		{94DDF095-B2E9-40A0-9523-4D2625F6FE30}.Debug|Any CPU.ActiveCfg = Debug|Any CPU
		{94DDF095-B2E9-40A0-9523-4D2625F6FE30}.Debug|Any CPU.Build.0 = Debug|Any CPU
		{94DDF095-B2E9-40A0-9523-4D2625F6FE30}.Debug|x64.ActiveCfg = Debug|Any CPU
		{94DDF095-B2E9-40A0-9523-4D2625F6FE30}.Debug|x64.Build.0 = Debug|Any CPU
		{94DDF095-B2E9-40A0-9523-4D2625F6FE30}.Debug|x86.ActiveCfg = Debug|Any CPU
		{94DDF095-B2E9-40A0-9523-4D2625F6FE30}.Debug|x86.Build.0 = Debug|Any CPU
		{94DDF095-B2E9-40A0-9523-4D2625F6FE30}.Release|Any CPU.ActiveCfg = Release|Any CPU
		{94DDF095-B2E9-40A0-9523-4D2625F6FE30}.Release|Any CPU.Build.0 = Release|Any CPU
		{94DDF095-B2E9-40A0-9523-4D2625F6FE30}.Release|x64.ActiveCfg = Release|Any CPU
		{94DDF095-B2E9-40A0-9523-4D2625F6FE30}.Release|x64.Build.0 = Release|Any CPU
		{94DDF095-B2E9-40A0-9523-4D2625F6FE30}.Release|x86.ActiveCfg = Release|Any CPU
		{94DDF095-B2E9-40A0-9523-4D2625F6FE30}.Release|x86.Build.0 = Release|Any CPU
		{71874414-840B-4A4A-9D45-520D03C42458}.Debug|Any CPU.ActiveCfg = Debug|Any CPU
		{71874414-840B-4A4A-9D45-520D03C42458}.Debug|Any CPU.Build.0 = Debug|Any CPU
		{71874414-840B-4A4A-9D45-520D03C42458}.Debug|x64.ActiveCfg = Debug|Any CPU
		{71874414-840B-4A4A-9D45-520D03C42458}.Debug|x64.Build.0 = Debug|Any CPU
		{71874414-840B-4A4A-9D45-520D03C42458}.Debug|x86.ActiveCfg = Debug|Any CPU
		{71874414-840B-4A4A-9D45-520D03C42458}.Debug|x86.Build.0 = Debug|Any CPU
		{71874414-840B-4A4A-9D45-520D03C42458}.Release|Any CPU.ActiveCfg = Release|Any CPU
		{71874414-840B-4A4A-9D45-520D03C42458}.Release|Any CPU.Build.0 = Release|Any CPU
		{71874414-840B-4A4A-9D45-520D03C42458}.Release|x64.ActiveCfg = Release|Any CPU
		{71874414-840B-4A4A-9D45-520D03C42458}.Release|x64.Build.0 = Release|Any CPU
		{71874414-840B-4A4A-9D45-520D03C42458}.Release|x86.ActiveCfg = Release|Any CPU
		{71874414-840B-4A4A-9D45-520D03C42458}.Release|x86.Build.0 = Release|Any CPU
		{7B44CD11-DF92-4874-98AE-B87800412E99}.Debug|Any CPU.ActiveCfg = Debug|Any CPU
		{7B44CD11-DF92-4874-98AE-B87800412E99}.Debug|Any CPU.Build.0 = Debug|Any CPU
		{7B44CD11-DF92-4874-98AE-B87800412E99}.Debug|x64.ActiveCfg = Debug|Any CPU
		{7B44CD11-DF92-4874-98AE-B87800412E99}.Debug|x64.Build.0 = Debug|Any CPU
		{7B44CD11-DF92-4874-98AE-B87800412E99}.Debug|x86.ActiveCfg = Debug|Any CPU
		{7B44CD11-DF92-4874-98AE-B87800412E99}.Debug|x86.Build.0 = Debug|Any CPU
		{7B44CD11-DF92-4874-98AE-B87800412E99}.Release|Any CPU.ActiveCfg = Release|Any CPU
		{7B44CD11-DF92-4874-98AE-B87800412E99}.Release|Any CPU.Build.0 = Release|Any CPU
		{7B44CD11-DF92-4874-98AE-B87800412E99}.Release|x64.ActiveCfg = Release|Any CPU
		{7B44CD11-DF92-4874-98AE-B87800412E99}.Release|x64.Build.0 = Release|Any CPU
		{7B44CD11-DF92-4874-98AE-B87800412E99}.Release|x86.ActiveCfg = Release|Any CPU
		{7B44CD11-DF92-4874-98AE-B87800412E99}.Release|x86.Build.0 = Release|Any CPU
		{5BC36C02-96BD-4C15-B077-0539F28FA55A}.Debug|Any CPU.ActiveCfg = Debug|Any CPU
		{5BC36C02-96BD-4C15-B077-0539F28FA55A}.Debug|Any CPU.Build.0 = Debug|Any CPU
		{5BC36C02-96BD-4C15-B077-0539F28FA55A}.Debug|x64.ActiveCfg = Debug|Any CPU
		{5BC36C02-96BD-4C15-B077-0539F28FA55A}.Debug|x64.Build.0 = Debug|Any CPU
		{5BC36C02-96BD-4C15-B077-0539F28FA55A}.Debug|x86.ActiveCfg = Debug|Any CPU
		{5BC36C02-96BD-4C15-B077-0539F28FA55A}.Debug|x86.Build.0 = Debug|Any CPU
		{5BC36C02-96BD-4C15-B077-0539F28FA55A}.Release|Any CPU.ActiveCfg = Release|Any CPU
		{5BC36C02-96BD-4C15-B077-0539F28FA55A}.Release|Any CPU.Build.0 = Release|Any CPU
		{5BC36C02-96BD-4C15-B077-0539F28FA55A}.Release|x64.ActiveCfg = Release|Any CPU
		{5BC36C02-96BD-4C15-B077-0539F28FA55A}.Release|x64.Build.0 = Release|Any CPU
		{5BC36C02-96BD-4C15-B077-0539F28FA55A}.Release|x86.ActiveCfg = Release|Any CPU
		{5BC36C02-96BD-4C15-B077-0539F28FA55A}.Release|x86.Build.0 = Release|Any CPU
		{534C02E2-E4B7-4B50-97F7-6311B2678A8E}.Debug|Any CPU.ActiveCfg = Debug|Any CPU
		{534C02E2-E4B7-4B50-97F7-6311B2678A8E}.Debug|Any CPU.Build.0 = Debug|Any CPU
		{534C02E2-E4B7-4B50-97F7-6311B2678A8E}.Debug|x64.ActiveCfg = Debug|Any CPU
		{534C02E2-E4B7-4B50-97F7-6311B2678A8E}.Debug|x64.Build.0 = Debug|Any CPU
		{534C02E2-E4B7-4B50-97F7-6311B2678A8E}.Debug|x86.ActiveCfg = Debug|Any CPU
		{534C02E2-E4B7-4B50-97F7-6311B2678A8E}.Debug|x86.Build.0 = Debug|Any CPU
		{534C02E2-E4B7-4B50-97F7-6311B2678A8E}.Release|Any CPU.ActiveCfg = Release|Any CPU
		{534C02E2-E4B7-4B50-97F7-6311B2678A8E}.Release|Any CPU.Build.0 = Release|Any CPU
		{534C02E2-E4B7-4B50-97F7-6311B2678A8E}.Release|x64.ActiveCfg = Release|Any CPU
		{534C02E2-E4B7-4B50-97F7-6311B2678A8E}.Release|x64.Build.0 = Release|Any CPU
		{534C02E2-E4B7-4B50-97F7-6311B2678A8E}.Release|x86.ActiveCfg = Release|Any CPU
		{534C02E2-E4B7-4B50-97F7-6311B2678A8E}.Release|x86.Build.0 = Release|Any CPU
		{7EB9F04C-70C3-42CF-B6FF-7D71AC2AEF4F}.Debug|Any CPU.ActiveCfg = Debug|Any CPU
		{7EB9F04C-70C3-42CF-B6FF-7D71AC2AEF4F}.Debug|Any CPU.Build.0 = Debug|Any CPU
		{7EB9F04C-70C3-42CF-B6FF-7D71AC2AEF4F}.Debug|x64.ActiveCfg = Debug|Any CPU
		{7EB9F04C-70C3-42CF-B6FF-7D71AC2AEF4F}.Debug|x64.Build.0 = Debug|Any CPU
		{7EB9F04C-70C3-42CF-B6FF-7D71AC2AEF4F}.Debug|x86.ActiveCfg = Debug|Any CPU
		{7EB9F04C-70C3-42CF-B6FF-7D71AC2AEF4F}.Debug|x86.Build.0 = Debug|Any CPU
		{7EB9F04C-70C3-42CF-B6FF-7D71AC2AEF4F}.Release|Any CPU.ActiveCfg = Release|Any CPU
		{7EB9F04C-70C3-42CF-B6FF-7D71AC2AEF4F}.Release|Any CPU.Build.0 = Release|Any CPU
		{7EB9F04C-70C3-42CF-B6FF-7D71AC2AEF4F}.Release|x64.ActiveCfg = Release|Any CPU
		{7EB9F04C-70C3-42CF-B6FF-7D71AC2AEF4F}.Release|x64.Build.0 = Release|Any CPU
		{7EB9F04C-70C3-42CF-B6FF-7D71AC2AEF4F}.Release|x86.ActiveCfg = Release|Any CPU
		{7EB9F04C-70C3-42CF-B6FF-7D71AC2AEF4F}.Release|x86.Build.0 = Release|Any CPU
		{E393B020-194E-49AA-B940-F1E23A4DA328}.Debug|Any CPU.ActiveCfg = Debug|Any CPU
		{E393B020-194E-49AA-B940-F1E23A4DA328}.Debug|Any CPU.Build.0 = Debug|Any CPU
		{E393B020-194E-49AA-B940-F1E23A4DA328}.Debug|x64.ActiveCfg = Debug|Any CPU
		{E393B020-194E-49AA-B940-F1E23A4DA328}.Debug|x64.Build.0 = Debug|Any CPU
		{E393B020-194E-49AA-B940-F1E23A4DA328}.Debug|x86.ActiveCfg = Debug|Any CPU
		{E393B020-194E-49AA-B940-F1E23A4DA328}.Debug|x86.Build.0 = Debug|Any CPU
		{E393B020-194E-49AA-B940-F1E23A4DA328}.Release|Any CPU.ActiveCfg = Release|Any CPU
		{E393B020-194E-49AA-B940-F1E23A4DA328}.Release|Any CPU.Build.0 = Release|Any CPU
		{E393B020-194E-49AA-B940-F1E23A4DA328}.Release|x64.ActiveCfg = Release|Any CPU
		{E393B020-194E-49AA-B940-F1E23A4DA328}.Release|x64.Build.0 = Release|Any CPU
		{E393B020-194E-49AA-B940-F1E23A4DA328}.Release|x86.ActiveCfg = Release|Any CPU
		{E393B020-194E-49AA-B940-F1E23A4DA328}.Release|x86.Build.0 = Release|Any CPU
		{CBA8E663-3172-4195-AB47-60786AE51285}.Debug|Any CPU.ActiveCfg = Debug|Any CPU
		{CBA8E663-3172-4195-AB47-60786AE51285}.Debug|Any CPU.Build.0 = Debug|Any CPU
		{CBA8E663-3172-4195-AB47-60786AE51285}.Debug|x64.ActiveCfg = Debug|Any CPU
		{CBA8E663-3172-4195-AB47-60786AE51285}.Debug|x64.Build.0 = Debug|Any CPU
		{CBA8E663-3172-4195-AB47-60786AE51285}.Debug|x86.ActiveCfg = Debug|Any CPU
		{CBA8E663-3172-4195-AB47-60786AE51285}.Debug|x86.Build.0 = Debug|Any CPU
		{CBA8E663-3172-4195-AB47-60786AE51285}.Release|Any CPU.ActiveCfg = Release|Any CPU
		{CBA8E663-3172-4195-AB47-60786AE51285}.Release|Any CPU.Build.0 = Release|Any CPU
		{CBA8E663-3172-4195-AB47-60786AE51285}.Release|x64.ActiveCfg = Release|Any CPU
		{CBA8E663-3172-4195-AB47-60786AE51285}.Release|x64.Build.0 = Release|Any CPU
		{CBA8E663-3172-4195-AB47-60786AE51285}.Release|x86.ActiveCfg = Release|Any CPU
		{CBA8E663-3172-4195-AB47-60786AE51285}.Release|x86.Build.0 = Release|Any CPU
		{6C25AD13-2E44-4D09-B613-CDB0A991C433}.Debug|Any CPU.ActiveCfg = Debug|Any CPU
		{6C25AD13-2E44-4D09-B613-CDB0A991C433}.Debug|Any CPU.Build.0 = Debug|Any CPU
		{6C25AD13-2E44-4D09-B613-CDB0A991C433}.Debug|x64.ActiveCfg = Debug|Any CPU
		{6C25AD13-2E44-4D09-B613-CDB0A991C433}.Debug|x64.Build.0 = Debug|Any CPU
		{6C25AD13-2E44-4D09-B613-CDB0A991C433}.Debug|x86.ActiveCfg = Debug|Any CPU
		{6C25AD13-2E44-4D09-B613-CDB0A991C433}.Debug|x86.Build.0 = Debug|Any CPU
		{6C25AD13-2E44-4D09-B613-CDB0A991C433}.Release|Any CPU.ActiveCfg = Release|Any CPU
		{6C25AD13-2E44-4D09-B613-CDB0A991C433}.Release|Any CPU.Build.0 = Release|Any CPU
		{6C25AD13-2E44-4D09-B613-CDB0A991C433}.Release|x64.ActiveCfg = Release|Any CPU
		{6C25AD13-2E44-4D09-B613-CDB0A991C433}.Release|x64.Build.0 = Release|Any CPU
		{6C25AD13-2E44-4D09-B613-CDB0A991C433}.Release|x86.ActiveCfg = Release|Any CPU
		{6C25AD13-2E44-4D09-B613-CDB0A991C433}.Release|x86.Build.0 = Release|Any CPU
		{AB961C4F-E5E4-4517-8FC6-5AA576E2C9B0}.Debug|Any CPU.ActiveCfg = Debug|Any CPU
		{AB961C4F-E5E4-4517-8FC6-5AA576E2C9B0}.Debug|Any CPU.Build.0 = Debug|Any CPU
		{AB961C4F-E5E4-4517-8FC6-5AA576E2C9B0}.Debug|x64.ActiveCfg = Debug|Any CPU
		{AB961C4F-E5E4-4517-8FC6-5AA576E2C9B0}.Debug|x64.Build.0 = Debug|Any CPU
		{AB961C4F-E5E4-4517-8FC6-5AA576E2C9B0}.Debug|x86.ActiveCfg = Debug|Any CPU
		{AB961C4F-E5E4-4517-8FC6-5AA576E2C9B0}.Debug|x86.Build.0 = Debug|Any CPU
		{AB961C4F-E5E4-4517-8FC6-5AA576E2C9B0}.Release|Any CPU.ActiveCfg = Release|Any CPU
		{AB961C4F-E5E4-4517-8FC6-5AA576E2C9B0}.Release|Any CPU.Build.0 = Release|Any CPU
		{AB961C4F-E5E4-4517-8FC6-5AA576E2C9B0}.Release|x64.ActiveCfg = Release|Any CPU
		{AB961C4F-E5E4-4517-8FC6-5AA576E2C9B0}.Release|x64.Build.0 = Release|Any CPU
		{AB961C4F-E5E4-4517-8FC6-5AA576E2C9B0}.Release|x86.ActiveCfg = Release|Any CPU
		{AB961C4F-E5E4-4517-8FC6-5AA576E2C9B0}.Release|x86.Build.0 = Release|Any CPU
		{3FCBE50F-645E-4F24-AF94-78A12E71D6DF}.Debug|Any CPU.ActiveCfg = Debug|Any CPU
		{3FCBE50F-645E-4F24-AF94-78A12E71D6DF}.Debug|Any CPU.Build.0 = Debug|Any CPU
		{3FCBE50F-645E-4F24-AF94-78A12E71D6DF}.Debug|x64.ActiveCfg = Debug|Any CPU
		{3FCBE50F-645E-4F24-AF94-78A12E71D6DF}.Debug|x64.Build.0 = Debug|Any CPU
		{3FCBE50F-645E-4F24-AF94-78A12E71D6DF}.Debug|x86.ActiveCfg = Debug|Any CPU
		{3FCBE50F-645E-4F24-AF94-78A12E71D6DF}.Debug|x86.Build.0 = Debug|Any CPU
		{3FCBE50F-645E-4F24-AF94-78A12E71D6DF}.Release|Any CPU.ActiveCfg = Release|Any CPU
		{3FCBE50F-645E-4F24-AF94-78A12E71D6DF}.Release|Any CPU.Build.0 = Release|Any CPU
		{3FCBE50F-645E-4F24-AF94-78A12E71D6DF}.Release|x64.ActiveCfg = Release|Any CPU
		{3FCBE50F-645E-4F24-AF94-78A12E71D6DF}.Release|x64.Build.0 = Release|Any CPU
		{3FCBE50F-645E-4F24-AF94-78A12E71D6DF}.Release|x86.ActiveCfg = Release|Any CPU
		{3FCBE50F-645E-4F24-AF94-78A12E71D6DF}.Release|x86.Build.0 = Release|Any CPU
		{2BDA52A9-D438-4BFD-9954-DEA80642EF16}.Debug|Any CPU.ActiveCfg = Debug|Any CPU
		{2BDA52A9-D438-4BFD-9954-DEA80642EF16}.Debug|Any CPU.Build.0 = Debug|Any CPU
		{2BDA52A9-D438-4BFD-9954-DEA80642EF16}.Debug|x64.ActiveCfg = Debug|Any CPU
		{2BDA52A9-D438-4BFD-9954-DEA80642EF16}.Debug|x64.Build.0 = Debug|Any CPU
		{2BDA52A9-D438-4BFD-9954-DEA80642EF16}.Debug|x86.ActiveCfg = Debug|Any CPU
		{2BDA52A9-D438-4BFD-9954-DEA80642EF16}.Debug|x86.Build.0 = Debug|Any CPU
		{2BDA52A9-D438-4BFD-9954-DEA80642EF16}.Release|Any CPU.ActiveCfg = Release|Any CPU
		{2BDA52A9-D438-4BFD-9954-DEA80642EF16}.Release|Any CPU.Build.0 = Release|Any CPU
		{2BDA52A9-D438-4BFD-9954-DEA80642EF16}.Release|x64.ActiveCfg = Release|Any CPU
		{2BDA52A9-D438-4BFD-9954-DEA80642EF16}.Release|x64.Build.0 = Release|Any CPU
		{2BDA52A9-D438-4BFD-9954-DEA80642EF16}.Release|x86.ActiveCfg = Release|Any CPU
		{2BDA52A9-D438-4BFD-9954-DEA80642EF16}.Release|x86.Build.0 = Release|Any CPU
		{A1E83AF7-DDE1-41E2-A0A5-A8BA5698FC54}.Debug|Any CPU.ActiveCfg = Debug|Any CPU
		{A1E83AF7-DDE1-41E2-A0A5-A8BA5698FC54}.Debug|Any CPU.Build.0 = Debug|Any CPU
		{A1E83AF7-DDE1-41E2-A0A5-A8BA5698FC54}.Debug|x64.ActiveCfg = Debug|Any CPU
		{A1E83AF7-DDE1-41E2-A0A5-A8BA5698FC54}.Debug|x64.Build.0 = Debug|Any CPU
		{A1E83AF7-DDE1-41E2-A0A5-A8BA5698FC54}.Debug|x86.ActiveCfg = Debug|Any CPU
		{A1E83AF7-DDE1-41E2-A0A5-A8BA5698FC54}.Debug|x86.Build.0 = Debug|Any CPU
		{A1E83AF7-DDE1-41E2-A0A5-A8BA5698FC54}.Release|Any CPU.ActiveCfg = Release|Any CPU
		{A1E83AF7-DDE1-41E2-A0A5-A8BA5698FC54}.Release|Any CPU.Build.0 = Release|Any CPU
		{A1E83AF7-DDE1-41E2-A0A5-A8BA5698FC54}.Release|x64.ActiveCfg = Release|Any CPU
		{A1E83AF7-DDE1-41E2-A0A5-A8BA5698FC54}.Release|x64.Build.0 = Release|Any CPU
		{A1E83AF7-DDE1-41E2-A0A5-A8BA5698FC54}.Release|x86.ActiveCfg = Release|Any CPU
		{A1E83AF7-DDE1-41E2-A0A5-A8BA5698FC54}.Release|x86.Build.0 = Release|Any CPU
		{0AE83E2C-EFEB-4FEC-8BD6-5B54143F6D30}.Debug|Any CPU.ActiveCfg = Debug|Any CPU
		{0AE83E2C-EFEB-4FEC-8BD6-5B54143F6D30}.Debug|Any CPU.Build.0 = Debug|Any CPU
		{0AE83E2C-EFEB-4FEC-8BD6-5B54143F6D30}.Debug|x64.ActiveCfg = Debug|Any CPU
		{0AE83E2C-EFEB-4FEC-8BD6-5B54143F6D30}.Debug|x64.Build.0 = Debug|Any CPU
		{0AE83E2C-EFEB-4FEC-8BD6-5B54143F6D30}.Debug|x86.ActiveCfg = Debug|Any CPU
		{0AE83E2C-EFEB-4FEC-8BD6-5B54143F6D30}.Debug|x86.Build.0 = Debug|Any CPU
		{0AE83E2C-EFEB-4FEC-8BD6-5B54143F6D30}.Release|Any CPU.ActiveCfg = Release|Any CPU
		{0AE83E2C-EFEB-4FEC-8BD6-5B54143F6D30}.Release|Any CPU.Build.0 = Release|Any CPU
		{0AE83E2C-EFEB-4FEC-8BD6-5B54143F6D30}.Release|x64.ActiveCfg = Release|Any CPU
		{0AE83E2C-EFEB-4FEC-8BD6-5B54143F6D30}.Release|x64.Build.0 = Release|Any CPU
		{0AE83E2C-EFEB-4FEC-8BD6-5B54143F6D30}.Release|x86.ActiveCfg = Release|Any CPU
		{0AE83E2C-EFEB-4FEC-8BD6-5B54143F6D30}.Release|x86.Build.0 = Release|Any CPU
		{F91DD9B1-E195-40E2-A576-88989C56CD2A}.Debug|Any CPU.ActiveCfg = Debug|Any CPU
		{F91DD9B1-E195-40E2-A576-88989C56CD2A}.Debug|Any CPU.Build.0 = Debug|Any CPU
		{F91DD9B1-E195-40E2-A576-88989C56CD2A}.Debug|x64.ActiveCfg = Debug|Any CPU
		{F91DD9B1-E195-40E2-A576-88989C56CD2A}.Debug|x64.Build.0 = Debug|Any CPU
		{F91DD9B1-E195-40E2-A576-88989C56CD2A}.Debug|x86.ActiveCfg = Debug|Any CPU
		{F91DD9B1-E195-40E2-A576-88989C56CD2A}.Debug|x86.Build.0 = Debug|Any CPU
		{F91DD9B1-E195-40E2-A576-88989C56CD2A}.Release|Any CPU.ActiveCfg = Release|Any CPU
		{F91DD9B1-E195-40E2-A576-88989C56CD2A}.Release|Any CPU.Build.0 = Release|Any CPU
		{F91DD9B1-E195-40E2-A576-88989C56CD2A}.Release|x64.ActiveCfg = Release|Any CPU
		{F91DD9B1-E195-40E2-A576-88989C56CD2A}.Release|x64.Build.0 = Release|Any CPU
		{F91DD9B1-E195-40E2-A576-88989C56CD2A}.Release|x86.ActiveCfg = Release|Any CPU
		{F91DD9B1-E195-40E2-A576-88989C56CD2A}.Release|x86.Build.0 = Release|Any CPU
		{A41503D3-E31F-46FE-89D4-0BC18B7CE3F0}.Debug|Any CPU.ActiveCfg = Debug|Any CPU
		{A41503D3-E31F-46FE-89D4-0BC18B7CE3F0}.Debug|Any CPU.Build.0 = Debug|Any CPU
		{A41503D3-E31F-46FE-89D4-0BC18B7CE3F0}.Debug|x64.ActiveCfg = Debug|Any CPU
		{A41503D3-E31F-46FE-89D4-0BC18B7CE3F0}.Debug|x64.Build.0 = Debug|Any CPU
		{A41503D3-E31F-46FE-89D4-0BC18B7CE3F0}.Debug|x86.ActiveCfg = Debug|Any CPU
		{A41503D3-E31F-46FE-89D4-0BC18B7CE3F0}.Debug|x86.Build.0 = Debug|Any CPU
		{A41503D3-E31F-46FE-89D4-0BC18B7CE3F0}.Release|Any CPU.ActiveCfg = Release|Any CPU
		{A41503D3-E31F-46FE-89D4-0BC18B7CE3F0}.Release|Any CPU.Build.0 = Release|Any CPU
		{A41503D3-E31F-46FE-89D4-0BC18B7CE3F0}.Release|x64.ActiveCfg = Release|Any CPU
		{A41503D3-E31F-46FE-89D4-0BC18B7CE3F0}.Release|x64.Build.0 = Release|Any CPU
		{A41503D3-E31F-46FE-89D4-0BC18B7CE3F0}.Release|x86.ActiveCfg = Release|Any CPU
		{A41503D3-E31F-46FE-89D4-0BC18B7CE3F0}.Release|x86.Build.0 = Release|Any CPU
		{54DE97D1-B1D6-40D0-898E-1D3972C7CC7B}.Debug|Any CPU.ActiveCfg = Debug|Any CPU
		{54DE97D1-B1D6-40D0-898E-1D3972C7CC7B}.Debug|Any CPU.Build.0 = Debug|Any CPU
		{54DE97D1-B1D6-40D0-898E-1D3972C7CC7B}.Debug|x64.ActiveCfg = Debug|Any CPU
		{54DE97D1-B1D6-40D0-898E-1D3972C7CC7B}.Debug|x64.Build.0 = Debug|Any CPU
		{54DE97D1-B1D6-40D0-898E-1D3972C7CC7B}.Debug|x86.ActiveCfg = Debug|Any CPU
		{54DE97D1-B1D6-40D0-898E-1D3972C7CC7B}.Debug|x86.Build.0 = Debug|Any CPU
		{54DE97D1-B1D6-40D0-898E-1D3972C7CC7B}.Release|Any CPU.ActiveCfg = Release|Any CPU
		{54DE97D1-B1D6-40D0-898E-1D3972C7CC7B}.Release|Any CPU.Build.0 = Release|Any CPU
		{54DE97D1-B1D6-40D0-898E-1D3972C7CC7B}.Release|x64.ActiveCfg = Release|Any CPU
		{54DE97D1-B1D6-40D0-898E-1D3972C7CC7B}.Release|x64.Build.0 = Release|Any CPU
		{54DE97D1-B1D6-40D0-898E-1D3972C7CC7B}.Release|x86.ActiveCfg = Release|Any CPU
		{54DE97D1-B1D6-40D0-898E-1D3972C7CC7B}.Release|x86.Build.0 = Release|Any CPU
		{590C6985-279A-48EF-B803-CEF9B2CFF9D1}.Debug|Any CPU.ActiveCfg = Debug|Any CPU
		{590C6985-279A-48EF-B803-CEF9B2CFF9D1}.Debug|Any CPU.Build.0 = Debug|Any CPU
		{590C6985-279A-48EF-B803-CEF9B2CFF9D1}.Debug|x64.ActiveCfg = Debug|Any CPU
		{590C6985-279A-48EF-B803-CEF9B2CFF9D1}.Debug|x64.Build.0 = Debug|Any CPU
		{590C6985-279A-48EF-B803-CEF9B2CFF9D1}.Debug|x86.ActiveCfg = Debug|Any CPU
		{590C6985-279A-48EF-B803-CEF9B2CFF9D1}.Debug|x86.Build.0 = Debug|Any CPU
		{590C6985-279A-48EF-B803-CEF9B2CFF9D1}.Release|Any CPU.ActiveCfg = Release|Any CPU
		{590C6985-279A-48EF-B803-CEF9B2CFF9D1}.Release|Any CPU.Build.0 = Release|Any CPU
		{590C6985-279A-48EF-B803-CEF9B2CFF9D1}.Release|x64.ActiveCfg = Release|Any CPU
		{590C6985-279A-48EF-B803-CEF9B2CFF9D1}.Release|x64.Build.0 = Release|Any CPU
		{590C6985-279A-48EF-B803-CEF9B2CFF9D1}.Release|x86.ActiveCfg = Release|Any CPU
		{590C6985-279A-48EF-B803-CEF9B2CFF9D1}.Release|x86.Build.0 = Release|Any CPU
		{FB9B580A-E785-47B5-9C42-FD5C13FDDE0A}.Debug|Any CPU.ActiveCfg = Debug|Any CPU
		{FB9B580A-E785-47B5-9C42-FD5C13FDDE0A}.Debug|Any CPU.Build.0 = Debug|Any CPU
		{FB9B580A-E785-47B5-9C42-FD5C13FDDE0A}.Debug|x64.ActiveCfg = Debug|Any CPU
		{FB9B580A-E785-47B5-9C42-FD5C13FDDE0A}.Debug|x64.Build.0 = Debug|Any CPU
		{FB9B580A-E785-47B5-9C42-FD5C13FDDE0A}.Debug|x86.ActiveCfg = Debug|Any CPU
		{FB9B580A-E785-47B5-9C42-FD5C13FDDE0A}.Debug|x86.Build.0 = Debug|Any CPU
		{FB9B580A-E785-47B5-9C42-FD5C13FDDE0A}.Release|Any CPU.ActiveCfg = Release|Any CPU
		{FB9B580A-E785-47B5-9C42-FD5C13FDDE0A}.Release|Any CPU.Build.0 = Release|Any CPU
		{FB9B580A-E785-47B5-9C42-FD5C13FDDE0A}.Release|x64.ActiveCfg = Release|Any CPU
		{FB9B580A-E785-47B5-9C42-FD5C13FDDE0A}.Release|x64.Build.0 = Release|Any CPU
		{FB9B580A-E785-47B5-9C42-FD5C13FDDE0A}.Release|x86.ActiveCfg = Release|Any CPU
		{FB9B580A-E785-47B5-9C42-FD5C13FDDE0A}.Release|x86.Build.0 = Release|Any CPU
		{D5924791-6F6D-4124-B1C6-06E6F251B62D}.Debug|Any CPU.ActiveCfg = Debug|Any CPU
		{D5924791-6F6D-4124-B1C6-06E6F251B62D}.Debug|Any CPU.Build.0 = Debug|Any CPU
		{D5924791-6F6D-4124-B1C6-06E6F251B62D}.Debug|x64.ActiveCfg = Debug|Any CPU
		{D5924791-6F6D-4124-B1C6-06E6F251B62D}.Debug|x64.Build.0 = Debug|Any CPU
		{D5924791-6F6D-4124-B1C6-06E6F251B62D}.Debug|x86.ActiveCfg = Debug|Any CPU
		{D5924791-6F6D-4124-B1C6-06E6F251B62D}.Debug|x86.Build.0 = Debug|Any CPU
		{D5924791-6F6D-4124-B1C6-06E6F251B62D}.Release|Any CPU.ActiveCfg = Release|Any CPU
		{D5924791-6F6D-4124-B1C6-06E6F251B62D}.Release|Any CPU.Build.0 = Release|Any CPU
		{D5924791-6F6D-4124-B1C6-06E6F251B62D}.Release|x64.ActiveCfg = Release|Any CPU
		{D5924791-6F6D-4124-B1C6-06E6F251B62D}.Release|x64.Build.0 = Release|Any CPU
		{D5924791-6F6D-4124-B1C6-06E6F251B62D}.Release|x86.ActiveCfg = Release|Any CPU
		{D5924791-6F6D-4124-B1C6-06E6F251B62D}.Release|x86.Build.0 = Release|Any CPU
		{45EBFCF6-38FD-4C50-86F4-57BF21032F66}.Debug|Any CPU.ActiveCfg = Debug|Any CPU
		{45EBFCF6-38FD-4C50-86F4-57BF21032F66}.Debug|Any CPU.Build.0 = Debug|Any CPU
		{45EBFCF6-38FD-4C50-86F4-57BF21032F66}.Debug|x64.ActiveCfg = Debug|Any CPU
		{45EBFCF6-38FD-4C50-86F4-57BF21032F66}.Debug|x64.Build.0 = Debug|Any CPU
		{45EBFCF6-38FD-4C50-86F4-57BF21032F66}.Debug|x86.ActiveCfg = Debug|Any CPU
		{45EBFCF6-38FD-4C50-86F4-57BF21032F66}.Debug|x86.Build.0 = Debug|Any CPU
		{45EBFCF6-38FD-4C50-86F4-57BF21032F66}.Release|Any CPU.ActiveCfg = Release|Any CPU
		{45EBFCF6-38FD-4C50-86F4-57BF21032F66}.Release|Any CPU.Build.0 = Release|Any CPU
		{45EBFCF6-38FD-4C50-86F4-57BF21032F66}.Release|x64.ActiveCfg = Release|Any CPU
		{45EBFCF6-38FD-4C50-86F4-57BF21032F66}.Release|x64.Build.0 = Release|Any CPU
		{45EBFCF6-38FD-4C50-86F4-57BF21032F66}.Release|x86.ActiveCfg = Release|Any CPU
		{45EBFCF6-38FD-4C50-86F4-57BF21032F66}.Release|x86.Build.0 = Release|Any CPU
		{65F214B1-38B5-418E-B794-9BB0511A3501}.Debug|Any CPU.ActiveCfg = Debug|Any CPU
		{65F214B1-38B5-418E-B794-9BB0511A3501}.Debug|Any CPU.Build.0 = Debug|Any CPU
		{65F214B1-38B5-418E-B794-9BB0511A3501}.Debug|x64.ActiveCfg = Debug|Any CPU
		{65F214B1-38B5-418E-B794-9BB0511A3501}.Debug|x64.Build.0 = Debug|Any CPU
		{65F214B1-38B5-418E-B794-9BB0511A3501}.Debug|x86.ActiveCfg = Debug|Any CPU
		{65F214B1-38B5-418E-B794-9BB0511A3501}.Debug|x86.Build.0 = Debug|Any CPU
		{65F214B1-38B5-418E-B794-9BB0511A3501}.Release|Any CPU.ActiveCfg = Release|Any CPU
		{65F214B1-38B5-418E-B794-9BB0511A3501}.Release|Any CPU.Build.0 = Release|Any CPU
		{65F214B1-38B5-418E-B794-9BB0511A3501}.Release|x64.ActiveCfg = Release|Any CPU
		{65F214B1-38B5-418E-B794-9BB0511A3501}.Release|x64.Build.0 = Release|Any CPU
		{65F214B1-38B5-418E-B794-9BB0511A3501}.Release|x86.ActiveCfg = Release|Any CPU
		{65F214B1-38B5-418E-B794-9BB0511A3501}.Release|x86.Build.0 = Release|Any CPU
		{CFA0E95E-7358-48CF-AA68-659ED17B2183}.Debug|Any CPU.ActiveCfg = Debug|Any CPU
		{CFA0E95E-7358-48CF-AA68-659ED17B2183}.Debug|Any CPU.Build.0 = Debug|Any CPU
		{CFA0E95E-7358-48CF-AA68-659ED17B2183}.Debug|x64.ActiveCfg = Debug|Any CPU
		{CFA0E95E-7358-48CF-AA68-659ED17B2183}.Debug|x64.Build.0 = Debug|Any CPU
		{CFA0E95E-7358-48CF-AA68-659ED17B2183}.Debug|x86.ActiveCfg = Debug|Any CPU
		{CFA0E95E-7358-48CF-AA68-659ED17B2183}.Debug|x86.Build.0 = Debug|Any CPU
		{CFA0E95E-7358-48CF-AA68-659ED17B2183}.Release|Any CPU.ActiveCfg = Release|Any CPU
		{CFA0E95E-7358-48CF-AA68-659ED17B2183}.Release|Any CPU.Build.0 = Release|Any CPU
		{CFA0E95E-7358-48CF-AA68-659ED17B2183}.Release|x64.ActiveCfg = Release|Any CPU
		{CFA0E95E-7358-48CF-AA68-659ED17B2183}.Release|x64.Build.0 = Release|Any CPU
		{CFA0E95E-7358-48CF-AA68-659ED17B2183}.Release|x86.ActiveCfg = Release|Any CPU
		{CFA0E95E-7358-48CF-AA68-659ED17B2183}.Release|x86.Build.0 = Release|Any CPU
		{92884712-D90D-4F15-B5CF-F2A3BA99EF28}.Debug|Any CPU.ActiveCfg = Debug|Any CPU
		{92884712-D90D-4F15-B5CF-F2A3BA99EF28}.Debug|Any CPU.Build.0 = Debug|Any CPU
		{92884712-D90D-4F15-B5CF-F2A3BA99EF28}.Debug|x64.ActiveCfg = Debug|Any CPU
		{92884712-D90D-4F15-B5CF-F2A3BA99EF28}.Debug|x64.Build.0 = Debug|Any CPU
		{92884712-D90D-4F15-B5CF-F2A3BA99EF28}.Debug|x86.ActiveCfg = Debug|Any CPU
		{92884712-D90D-4F15-B5CF-F2A3BA99EF28}.Debug|x86.Build.0 = Debug|Any CPU
		{92884712-D90D-4F15-B5CF-F2A3BA99EF28}.Release|Any CPU.ActiveCfg = Release|Any CPU
		{92884712-D90D-4F15-B5CF-F2A3BA99EF28}.Release|Any CPU.Build.0 = Release|Any CPU
		{92884712-D90D-4F15-B5CF-F2A3BA99EF28}.Release|x64.ActiveCfg = Release|Any CPU
		{92884712-D90D-4F15-B5CF-F2A3BA99EF28}.Release|x64.Build.0 = Release|Any CPU
		{92884712-D90D-4F15-B5CF-F2A3BA99EF28}.Release|x86.ActiveCfg = Release|Any CPU
		{92884712-D90D-4F15-B5CF-F2A3BA99EF28}.Release|x86.Build.0 = Release|Any CPU
		{431DD7C9-DD1A-4034-84C2-B56CE272AEB9}.Debug|Any CPU.ActiveCfg = Debug|Any CPU
		{431DD7C9-DD1A-4034-84C2-B56CE272AEB9}.Debug|Any CPU.Build.0 = Debug|Any CPU
		{431DD7C9-DD1A-4034-84C2-B56CE272AEB9}.Debug|x64.ActiveCfg = Debug|Any CPU
		{431DD7C9-DD1A-4034-84C2-B56CE272AEB9}.Debug|x64.Build.0 = Debug|Any CPU
		{431DD7C9-DD1A-4034-84C2-B56CE272AEB9}.Debug|x86.ActiveCfg = Debug|Any CPU
		{431DD7C9-DD1A-4034-84C2-B56CE272AEB9}.Debug|x86.Build.0 = Debug|Any CPU
		{431DD7C9-DD1A-4034-84C2-B56CE272AEB9}.Release|Any CPU.ActiveCfg = Release|Any CPU
		{431DD7C9-DD1A-4034-84C2-B56CE272AEB9}.Release|Any CPU.Build.0 = Release|Any CPU
		{431DD7C9-DD1A-4034-84C2-B56CE272AEB9}.Release|x64.ActiveCfg = Release|Any CPU
		{431DD7C9-DD1A-4034-84C2-B56CE272AEB9}.Release|x64.Build.0 = Release|Any CPU
		{431DD7C9-DD1A-4034-84C2-B56CE272AEB9}.Release|x86.ActiveCfg = Release|Any CPU
		{431DD7C9-DD1A-4034-84C2-B56CE272AEB9}.Release|x86.Build.0 = Release|Any CPU
		{BAB47918-D986-4658-A179-B1038A645C15}.Debug|Any CPU.ActiveCfg = Debug|Any CPU
		{BAB47918-D986-4658-A179-B1038A645C15}.Debug|Any CPU.Build.0 = Debug|Any CPU
		{BAB47918-D986-4658-A179-B1038A645C15}.Debug|x64.ActiveCfg = Debug|Any CPU
		{BAB47918-D986-4658-A179-B1038A645C15}.Debug|x64.Build.0 = Debug|Any CPU
		{BAB47918-D986-4658-A179-B1038A645C15}.Debug|x86.ActiveCfg = Debug|Any CPU
		{BAB47918-D986-4658-A179-B1038A645C15}.Debug|x86.Build.0 = Debug|Any CPU
		{BAB47918-D986-4658-A179-B1038A645C15}.Release|Any CPU.ActiveCfg = Release|Any CPU
		{BAB47918-D986-4658-A179-B1038A645C15}.Release|Any CPU.Build.0 = Release|Any CPU
		{BAB47918-D986-4658-A179-B1038A645C15}.Release|x64.ActiveCfg = Release|Any CPU
		{BAB47918-D986-4658-A179-B1038A645C15}.Release|x64.Build.0 = Release|Any CPU
		{BAB47918-D986-4658-A179-B1038A645C15}.Release|x86.ActiveCfg = Release|Any CPU
		{BAB47918-D986-4658-A179-B1038A645C15}.Release|x86.Build.0 = Release|Any CPU
		{500255E0-D9EC-4434-BE74-4F208A19075F}.Debug|Any CPU.ActiveCfg = Debug|Any CPU
		{500255E0-D9EC-4434-BE74-4F208A19075F}.Debug|Any CPU.Build.0 = Debug|Any CPU
		{500255E0-D9EC-4434-BE74-4F208A19075F}.Debug|x64.ActiveCfg = Debug|Any CPU
		{500255E0-D9EC-4434-BE74-4F208A19075F}.Debug|x64.Build.0 = Debug|Any CPU
		{500255E0-D9EC-4434-BE74-4F208A19075F}.Debug|x86.ActiveCfg = Debug|Any CPU
		{500255E0-D9EC-4434-BE74-4F208A19075F}.Debug|x86.Build.0 = Debug|Any CPU
		{500255E0-D9EC-4434-BE74-4F208A19075F}.Release|Any CPU.ActiveCfg = Release|Any CPU
		{500255E0-D9EC-4434-BE74-4F208A19075F}.Release|Any CPU.Build.0 = Release|Any CPU
		{500255E0-D9EC-4434-BE74-4F208A19075F}.Release|x64.ActiveCfg = Release|Any CPU
		{500255E0-D9EC-4434-BE74-4F208A19075F}.Release|x64.Build.0 = Release|Any CPU
		{500255E0-D9EC-4434-BE74-4F208A19075F}.Release|x86.ActiveCfg = Release|Any CPU
		{500255E0-D9EC-4434-BE74-4F208A19075F}.Release|x86.Build.0 = Release|Any CPU
		{273151A8-B09C-4679-B8D1-CCB4DDA1FD3B}.Debug|Any CPU.ActiveCfg = Debug|Any CPU
		{273151A8-B09C-4679-B8D1-CCB4DDA1FD3B}.Debug|Any CPU.Build.0 = Debug|Any CPU
		{273151A8-B09C-4679-B8D1-CCB4DDA1FD3B}.Debug|x64.ActiveCfg = Debug|Any CPU
		{273151A8-B09C-4679-B8D1-CCB4DDA1FD3B}.Debug|x64.Build.0 = Debug|Any CPU
		{273151A8-B09C-4679-B8D1-CCB4DDA1FD3B}.Debug|x86.ActiveCfg = Debug|Any CPU
		{273151A8-B09C-4679-B8D1-CCB4DDA1FD3B}.Debug|x86.Build.0 = Debug|Any CPU
		{273151A8-B09C-4679-B8D1-CCB4DDA1FD3B}.Release|Any CPU.ActiveCfg = Release|Any CPU
		{273151A8-B09C-4679-B8D1-CCB4DDA1FD3B}.Release|Any CPU.Build.0 = Release|Any CPU
		{273151A8-B09C-4679-B8D1-CCB4DDA1FD3B}.Release|x64.ActiveCfg = Release|Any CPU
		{273151A8-B09C-4679-B8D1-CCB4DDA1FD3B}.Release|x64.Build.0 = Release|Any CPU
		{273151A8-B09C-4679-B8D1-CCB4DDA1FD3B}.Release|x86.ActiveCfg = Release|Any CPU
		{273151A8-B09C-4679-B8D1-CCB4DDA1FD3B}.Release|x86.Build.0 = Release|Any CPU
		{516ABEF2-5BB3-4EAA-8C10-7AD7450FEE2E}.Debug|Any CPU.ActiveCfg = Debug|Any CPU
		{516ABEF2-5BB3-4EAA-8C10-7AD7450FEE2E}.Debug|Any CPU.Build.0 = Debug|Any CPU
		{516ABEF2-5BB3-4EAA-8C10-7AD7450FEE2E}.Debug|x64.ActiveCfg = Debug|Any CPU
		{516ABEF2-5BB3-4EAA-8C10-7AD7450FEE2E}.Debug|x64.Build.0 = Debug|Any CPU
		{516ABEF2-5BB3-4EAA-8C10-7AD7450FEE2E}.Debug|x86.ActiveCfg = Debug|Any CPU
		{516ABEF2-5BB3-4EAA-8C10-7AD7450FEE2E}.Debug|x86.Build.0 = Debug|Any CPU
		{516ABEF2-5BB3-4EAA-8C10-7AD7450FEE2E}.Release|Any CPU.ActiveCfg = Release|Any CPU
		{516ABEF2-5BB3-4EAA-8C10-7AD7450FEE2E}.Release|Any CPU.Build.0 = Release|Any CPU
		{516ABEF2-5BB3-4EAA-8C10-7AD7450FEE2E}.Release|x64.ActiveCfg = Release|Any CPU
		{516ABEF2-5BB3-4EAA-8C10-7AD7450FEE2E}.Release|x64.Build.0 = Release|Any CPU
		{516ABEF2-5BB3-4EAA-8C10-7AD7450FEE2E}.Release|x86.ActiveCfg = Release|Any CPU
		{516ABEF2-5BB3-4EAA-8C10-7AD7450FEE2E}.Release|x86.Build.0 = Release|Any CPU
		{D06AF136-F15A-4EDC-8EF8-9276F2ADF428}.Debug|Any CPU.ActiveCfg = Debug|Any CPU
		{D06AF136-F15A-4EDC-8EF8-9276F2ADF428}.Debug|Any CPU.Build.0 = Debug|Any CPU
		{D06AF136-F15A-4EDC-8EF8-9276F2ADF428}.Debug|x64.ActiveCfg = Debug|Any CPU
		{D06AF136-F15A-4EDC-8EF8-9276F2ADF428}.Debug|x64.Build.0 = Debug|Any CPU
		{D06AF136-F15A-4EDC-8EF8-9276F2ADF428}.Debug|x86.ActiveCfg = Debug|Any CPU
		{D06AF136-F15A-4EDC-8EF8-9276F2ADF428}.Debug|x86.Build.0 = Debug|Any CPU
		{D06AF136-F15A-4EDC-8EF8-9276F2ADF428}.Release|Any CPU.ActiveCfg = Release|Any CPU
		{D06AF136-F15A-4EDC-8EF8-9276F2ADF428}.Release|Any CPU.Build.0 = Release|Any CPU
		{D06AF136-F15A-4EDC-8EF8-9276F2ADF428}.Release|x64.ActiveCfg = Release|Any CPU
		{D06AF136-F15A-4EDC-8EF8-9276F2ADF428}.Release|x64.Build.0 = Release|Any CPU
		{D06AF136-F15A-4EDC-8EF8-9276F2ADF428}.Release|x86.ActiveCfg = Release|Any CPU
		{D06AF136-F15A-4EDC-8EF8-9276F2ADF428}.Release|x86.Build.0 = Release|Any CPU
		{8394999E-8616-4124-999D-F8A8AFAB5400}.Debug|Any CPU.ActiveCfg = Debug|Any CPU
		{8394999E-8616-4124-999D-F8A8AFAB5400}.Debug|Any CPU.Build.0 = Debug|Any CPU
		{8394999E-8616-4124-999D-F8A8AFAB5400}.Debug|x64.ActiveCfg = Debug|Any CPU
		{8394999E-8616-4124-999D-F8A8AFAB5400}.Debug|x64.Build.0 = Debug|Any CPU
		{8394999E-8616-4124-999D-F8A8AFAB5400}.Debug|x86.ActiveCfg = Debug|Any CPU
		{8394999E-8616-4124-999D-F8A8AFAB5400}.Debug|x86.Build.0 = Debug|Any CPU
		{8394999E-8616-4124-999D-F8A8AFAB5400}.Release|Any CPU.ActiveCfg = Release|Any CPU
		{8394999E-8616-4124-999D-F8A8AFAB5400}.Release|Any CPU.Build.0 = Release|Any CPU
		{8394999E-8616-4124-999D-F8A8AFAB5400}.Release|x64.ActiveCfg = Release|Any CPU
		{8394999E-8616-4124-999D-F8A8AFAB5400}.Release|x64.Build.0 = Release|Any CPU
		{8394999E-8616-4124-999D-F8A8AFAB5400}.Release|x86.ActiveCfg = Release|Any CPU
		{8394999E-8616-4124-999D-F8A8AFAB5400}.Release|x86.Build.0 = Release|Any CPU
		{583B219E-62DE-4231-B175-1A87B00D5141}.Debug|Any CPU.ActiveCfg = Debug|Any CPU
		{583B219E-62DE-4231-B175-1A87B00D5141}.Debug|Any CPU.Build.0 = Debug|Any CPU
		{583B219E-62DE-4231-B175-1A87B00D5141}.Debug|x64.ActiveCfg = Debug|Any CPU
		{583B219E-62DE-4231-B175-1A87B00D5141}.Debug|x64.Build.0 = Debug|Any CPU
		{583B219E-62DE-4231-B175-1A87B00D5141}.Debug|x86.ActiveCfg = Debug|Any CPU
		{583B219E-62DE-4231-B175-1A87B00D5141}.Debug|x86.Build.0 = Debug|Any CPU
		{583B219E-62DE-4231-B175-1A87B00D5141}.Release|Any CPU.ActiveCfg = Release|Any CPU
		{583B219E-62DE-4231-B175-1A87B00D5141}.Release|Any CPU.Build.0 = Release|Any CPU
		{583B219E-62DE-4231-B175-1A87B00D5141}.Release|x64.ActiveCfg = Release|Any CPU
		{583B219E-62DE-4231-B175-1A87B00D5141}.Release|x64.Build.0 = Release|Any CPU
		{583B219E-62DE-4231-B175-1A87B00D5141}.Release|x86.ActiveCfg = Release|Any CPU
		{583B219E-62DE-4231-B175-1A87B00D5141}.Release|x86.Build.0 = Release|Any CPU
		{FA657AEC-E978-4735-A699-588394860B99}.Debug|Any CPU.ActiveCfg = Debug|Any CPU
		{FA657AEC-E978-4735-A699-588394860B99}.Debug|Any CPU.Build.0 = Debug|Any CPU
		{FA657AEC-E978-4735-A699-588394860B99}.Debug|x64.ActiveCfg = Debug|Any CPU
		{FA657AEC-E978-4735-A699-588394860B99}.Debug|x64.Build.0 = Debug|Any CPU
		{FA657AEC-E978-4735-A699-588394860B99}.Debug|x86.ActiveCfg = Debug|Any CPU
		{FA657AEC-E978-4735-A699-588394860B99}.Debug|x86.Build.0 = Debug|Any CPU
		{FA657AEC-E978-4735-A699-588394860B99}.Release|Any CPU.ActiveCfg = Release|Any CPU
		{FA657AEC-E978-4735-A699-588394860B99}.Release|Any CPU.Build.0 = Release|Any CPU
		{FA657AEC-E978-4735-A699-588394860B99}.Release|x64.ActiveCfg = Release|Any CPU
		{FA657AEC-E978-4735-A699-588394860B99}.Release|x64.Build.0 = Release|Any CPU
		{FA657AEC-E978-4735-A699-588394860B99}.Release|x86.ActiveCfg = Release|Any CPU
		{FA657AEC-E978-4735-A699-588394860B99}.Release|x86.Build.0 = Release|Any CPU
		{FC46F3B2-DF11-4E0E-AB3A-4EA398F5E21E}.Debug|Any CPU.ActiveCfg = Debug|Any CPU
		{FC46F3B2-DF11-4E0E-AB3A-4EA398F5E21E}.Debug|Any CPU.Build.0 = Debug|Any CPU
		{FC46F3B2-DF11-4E0E-AB3A-4EA398F5E21E}.Debug|x64.ActiveCfg = Debug|Any CPU
		{FC46F3B2-DF11-4E0E-AB3A-4EA398F5E21E}.Debug|x64.Build.0 = Debug|Any CPU
		{FC46F3B2-DF11-4E0E-AB3A-4EA398F5E21E}.Debug|x86.ActiveCfg = Debug|Any CPU
		{FC46F3B2-DF11-4E0E-AB3A-4EA398F5E21E}.Debug|x86.Build.0 = Debug|Any CPU
		{FC46F3B2-DF11-4E0E-AB3A-4EA398F5E21E}.Release|Any CPU.ActiveCfg = Release|Any CPU
		{FC46F3B2-DF11-4E0E-AB3A-4EA398F5E21E}.Release|Any CPU.Build.0 = Release|Any CPU
		{FC46F3B2-DF11-4E0E-AB3A-4EA398F5E21E}.Release|x64.ActiveCfg = Release|Any CPU
		{FC46F3B2-DF11-4E0E-AB3A-4EA398F5E21E}.Release|x64.Build.0 = Release|Any CPU
		{FC46F3B2-DF11-4E0E-AB3A-4EA398F5E21E}.Release|x86.ActiveCfg = Release|Any CPU
		{FC46F3B2-DF11-4E0E-AB3A-4EA398F5E21E}.Release|x86.Build.0 = Release|Any CPU
		{CAADBC1F-3E66-41BF-A75D-D000990FD615}.Debug|Any CPU.ActiveCfg = Debug|Any CPU
		{CAADBC1F-3E66-41BF-A75D-D000990FD615}.Debug|Any CPU.Build.0 = Debug|Any CPU
		{CAADBC1F-3E66-41BF-A75D-D000990FD615}.Debug|x64.ActiveCfg = Debug|Any CPU
		{CAADBC1F-3E66-41BF-A75D-D000990FD615}.Debug|x64.Build.0 = Debug|Any CPU
		{CAADBC1F-3E66-41BF-A75D-D000990FD615}.Debug|x86.ActiveCfg = Debug|Any CPU
		{CAADBC1F-3E66-41BF-A75D-D000990FD615}.Debug|x86.Build.0 = Debug|Any CPU
		{CAADBC1F-3E66-41BF-A75D-D000990FD615}.Release|Any CPU.ActiveCfg = Release|Any CPU
		{CAADBC1F-3E66-41BF-A75D-D000990FD615}.Release|Any CPU.Build.0 = Release|Any CPU
		{CAADBC1F-3E66-41BF-A75D-D000990FD615}.Release|x64.ActiveCfg = Release|Any CPU
		{CAADBC1F-3E66-41BF-A75D-D000990FD615}.Release|x64.Build.0 = Release|Any CPU
		{CAADBC1F-3E66-41BF-A75D-D000990FD615}.Release|x86.ActiveCfg = Release|Any CPU
		{CAADBC1F-3E66-41BF-A75D-D000990FD615}.Release|x86.Build.0 = Release|Any CPU
		{9C821B58-43DA-4261-BB8B-F50AE74D8615}.Debug|Any CPU.ActiveCfg = Debug|Any CPU
		{9C821B58-43DA-4261-BB8B-F50AE74D8615}.Debug|Any CPU.Build.0 = Debug|Any CPU
		{9C821B58-43DA-4261-BB8B-F50AE74D8615}.Debug|x64.ActiveCfg = Debug|Any CPU
		{9C821B58-43DA-4261-BB8B-F50AE74D8615}.Debug|x64.Build.0 = Debug|Any CPU
		{9C821B58-43DA-4261-BB8B-F50AE74D8615}.Debug|x86.ActiveCfg = Debug|Any CPU
		{9C821B58-43DA-4261-BB8B-F50AE74D8615}.Debug|x86.Build.0 = Debug|Any CPU
		{9C821B58-43DA-4261-BB8B-F50AE74D8615}.Release|Any CPU.ActiveCfg = Release|Any CPU
		{9C821B58-43DA-4261-BB8B-F50AE74D8615}.Release|Any CPU.Build.0 = Release|Any CPU
		{9C821B58-43DA-4261-BB8B-F50AE74D8615}.Release|x64.ActiveCfg = Release|Any CPU
		{9C821B58-43DA-4261-BB8B-F50AE74D8615}.Release|x64.Build.0 = Release|Any CPU
		{9C821B58-43DA-4261-BB8B-F50AE74D8615}.Release|x86.ActiveCfg = Release|Any CPU
		{9C821B58-43DA-4261-BB8B-F50AE74D8615}.Release|x86.Build.0 = Release|Any CPU
		{D4A4A508-98DB-4D2D-8705-25BB096B13D4}.Debug|Any CPU.ActiveCfg = Debug|Any CPU
		{D4A4A508-98DB-4D2D-8705-25BB096B13D4}.Debug|Any CPU.Build.0 = Debug|Any CPU
		{D4A4A508-98DB-4D2D-8705-25BB096B13D4}.Debug|x64.ActiveCfg = Debug|Any CPU
		{D4A4A508-98DB-4D2D-8705-25BB096B13D4}.Debug|x64.Build.0 = Debug|Any CPU
		{D4A4A508-98DB-4D2D-8705-25BB096B13D4}.Debug|x86.ActiveCfg = Debug|Any CPU
		{D4A4A508-98DB-4D2D-8705-25BB096B13D4}.Debug|x86.Build.0 = Debug|Any CPU
		{D4A4A508-98DB-4D2D-8705-25BB096B13D4}.Release|Any CPU.ActiveCfg = Release|Any CPU
		{D4A4A508-98DB-4D2D-8705-25BB096B13D4}.Release|Any CPU.Build.0 = Release|Any CPU
		{D4A4A508-98DB-4D2D-8705-25BB096B13D4}.Release|x64.ActiveCfg = Release|Any CPU
		{D4A4A508-98DB-4D2D-8705-25BB096B13D4}.Release|x64.Build.0 = Release|Any CPU
		{D4A4A508-98DB-4D2D-8705-25BB096B13D4}.Release|x86.ActiveCfg = Release|Any CPU
		{D4A4A508-98DB-4D2D-8705-25BB096B13D4}.Release|x86.Build.0 = Release|Any CPU
		{9E868A5E-6A32-4C9D-91C5-6EDFAD9BC1BF}.Debug|Any CPU.ActiveCfg = Debug|Any CPU
		{9E868A5E-6A32-4C9D-91C5-6EDFAD9BC1BF}.Debug|Any CPU.Build.0 = Debug|Any CPU
		{9E868A5E-6A32-4C9D-91C5-6EDFAD9BC1BF}.Debug|x64.ActiveCfg = Debug|Any CPU
		{9E868A5E-6A32-4C9D-91C5-6EDFAD9BC1BF}.Debug|x64.Build.0 = Debug|Any CPU
		{9E868A5E-6A32-4C9D-91C5-6EDFAD9BC1BF}.Debug|x86.ActiveCfg = Debug|Any CPU
		{9E868A5E-6A32-4C9D-91C5-6EDFAD9BC1BF}.Debug|x86.Build.0 = Debug|Any CPU
		{9E868A5E-6A32-4C9D-91C5-6EDFAD9BC1BF}.Release|Any CPU.ActiveCfg = Release|Any CPU
		{9E868A5E-6A32-4C9D-91C5-6EDFAD9BC1BF}.Release|Any CPU.Build.0 = Release|Any CPU
		{9E868A5E-6A32-4C9D-91C5-6EDFAD9BC1BF}.Release|x64.ActiveCfg = Release|Any CPU
		{9E868A5E-6A32-4C9D-91C5-6EDFAD9BC1BF}.Release|x64.Build.0 = Release|Any CPU
		{9E868A5E-6A32-4C9D-91C5-6EDFAD9BC1BF}.Release|x86.ActiveCfg = Release|Any CPU
		{9E868A5E-6A32-4C9D-91C5-6EDFAD9BC1BF}.Release|x86.Build.0 = Release|Any CPU
		{30B390B9-C241-4CC4-A4D9-44F894A71E7A}.Debug|Any CPU.ActiveCfg = Debug|Any CPU
		{30B390B9-C241-4CC4-A4D9-44F894A71E7A}.Debug|Any CPU.Build.0 = Debug|Any CPU
		{30B390B9-C241-4CC4-A4D9-44F894A71E7A}.Debug|x64.ActiveCfg = Debug|Any CPU
		{30B390B9-C241-4CC4-A4D9-44F894A71E7A}.Debug|x64.Build.0 = Debug|Any CPU
		{30B390B9-C241-4CC4-A4D9-44F894A71E7A}.Debug|x86.ActiveCfg = Debug|Any CPU
		{30B390B9-C241-4CC4-A4D9-44F894A71E7A}.Debug|x86.Build.0 = Debug|Any CPU
		{30B390B9-C241-4CC4-A4D9-44F894A71E7A}.Release|Any CPU.ActiveCfg = Release|Any CPU
		{30B390B9-C241-4CC4-A4D9-44F894A71E7A}.Release|Any CPU.Build.0 = Release|Any CPU
		{30B390B9-C241-4CC4-A4D9-44F894A71E7A}.Release|x64.ActiveCfg = Release|Any CPU
		{30B390B9-C241-4CC4-A4D9-44F894A71E7A}.Release|x64.Build.0 = Release|Any CPU
		{30B390B9-C241-4CC4-A4D9-44F894A71E7A}.Release|x86.ActiveCfg = Release|Any CPU
		{30B390B9-C241-4CC4-A4D9-44F894A71E7A}.Release|x86.Build.0 = Release|Any CPU
		{0CEA63AF-D8EA-4C26-B435-53BFE54A591A}.Debug|Any CPU.ActiveCfg = Debug|Any CPU
		{0CEA63AF-D8EA-4C26-B435-53BFE54A591A}.Debug|Any CPU.Build.0 = Debug|Any CPU
		{0CEA63AF-D8EA-4C26-B435-53BFE54A591A}.Debug|x64.ActiveCfg = Debug|Any CPU
		{0CEA63AF-D8EA-4C26-B435-53BFE54A591A}.Debug|x64.Build.0 = Debug|Any CPU
		{0CEA63AF-D8EA-4C26-B435-53BFE54A591A}.Debug|x86.ActiveCfg = Debug|Any CPU
		{0CEA63AF-D8EA-4C26-B435-53BFE54A591A}.Debug|x86.Build.0 = Debug|Any CPU
		{0CEA63AF-D8EA-4C26-B435-53BFE54A591A}.Release|Any CPU.ActiveCfg = Release|Any CPU
		{0CEA63AF-D8EA-4C26-B435-53BFE54A591A}.Release|Any CPU.Build.0 = Release|Any CPU
		{0CEA63AF-D8EA-4C26-B435-53BFE54A591A}.Release|x64.ActiveCfg = Release|Any CPU
		{0CEA63AF-D8EA-4C26-B435-53BFE54A591A}.Release|x64.Build.0 = Release|Any CPU
		{0CEA63AF-D8EA-4C26-B435-53BFE54A591A}.Release|x86.ActiveCfg = Release|Any CPU
		{0CEA63AF-D8EA-4C26-B435-53BFE54A591A}.Release|x86.Build.0 = Release|Any CPU
		{4AEBA703-75E9-4AD6-A4EB-7561F03BB914}.Debug|Any CPU.ActiveCfg = Debug|Any CPU
		{4AEBA703-75E9-4AD6-A4EB-7561F03BB914}.Debug|Any CPU.Build.0 = Debug|Any CPU
		{4AEBA703-75E9-4AD6-A4EB-7561F03BB914}.Debug|x64.ActiveCfg = Debug|Any CPU
		{4AEBA703-75E9-4AD6-A4EB-7561F03BB914}.Debug|x64.Build.0 = Debug|Any CPU
		{4AEBA703-75E9-4AD6-A4EB-7561F03BB914}.Debug|x86.ActiveCfg = Debug|Any CPU
		{4AEBA703-75E9-4AD6-A4EB-7561F03BB914}.Debug|x86.Build.0 = Debug|Any CPU
		{4AEBA703-75E9-4AD6-A4EB-7561F03BB914}.Release|Any CPU.ActiveCfg = Release|Any CPU
		{4AEBA703-75E9-4AD6-A4EB-7561F03BB914}.Release|Any CPU.Build.0 = Release|Any CPU
		{4AEBA703-75E9-4AD6-A4EB-7561F03BB914}.Release|x64.ActiveCfg = Release|Any CPU
		{4AEBA703-75E9-4AD6-A4EB-7561F03BB914}.Release|x64.Build.0 = Release|Any CPU
		{4AEBA703-75E9-4AD6-A4EB-7561F03BB914}.Release|x86.ActiveCfg = Release|Any CPU
		{4AEBA703-75E9-4AD6-A4EB-7561F03BB914}.Release|x86.Build.0 = Release|Any CPU
		{1ADDBD8C-99B7-426E-AD90-6358B50C5761}.Debug|Any CPU.ActiveCfg = Debug|Any CPU
		{1ADDBD8C-99B7-426E-AD90-6358B50C5761}.Debug|Any CPU.Build.0 = Debug|Any CPU
		{1ADDBD8C-99B7-426E-AD90-6358B50C5761}.Debug|x64.ActiveCfg = Debug|Any CPU
		{1ADDBD8C-99B7-426E-AD90-6358B50C5761}.Debug|x64.Build.0 = Debug|Any CPU
		{1ADDBD8C-99B7-426E-AD90-6358B50C5761}.Debug|x86.ActiveCfg = Debug|Any CPU
		{1ADDBD8C-99B7-426E-AD90-6358B50C5761}.Debug|x86.Build.0 = Debug|Any CPU
		{1ADDBD8C-99B7-426E-AD90-6358B50C5761}.Release|Any CPU.ActiveCfg = Release|Any CPU
		{1ADDBD8C-99B7-426E-AD90-6358B50C5761}.Release|Any CPU.Build.0 = Release|Any CPU
		{1ADDBD8C-99B7-426E-AD90-6358B50C5761}.Release|x64.ActiveCfg = Release|Any CPU
		{1ADDBD8C-99B7-426E-AD90-6358B50C5761}.Release|x64.Build.0 = Release|Any CPU
		{1ADDBD8C-99B7-426E-AD90-6358B50C5761}.Release|x86.ActiveCfg = Release|Any CPU
		{1ADDBD8C-99B7-426E-AD90-6358B50C5761}.Release|x86.Build.0 = Release|Any CPU
		{DC061E02-53A3-48F2-BBEE-D7732222B390}.Debug|Any CPU.ActiveCfg = Debug|Any CPU
		{DC061E02-53A3-48F2-BBEE-D7732222B390}.Debug|Any CPU.Build.0 = Debug|Any CPU
		{DC061E02-53A3-48F2-BBEE-D7732222B390}.Debug|x64.ActiveCfg = Debug|Any CPU
		{DC061E02-53A3-48F2-BBEE-D7732222B390}.Debug|x64.Build.0 = Debug|Any CPU
		{DC061E02-53A3-48F2-BBEE-D7732222B390}.Debug|x86.ActiveCfg = Debug|Any CPU
		{DC061E02-53A3-48F2-BBEE-D7732222B390}.Debug|x86.Build.0 = Debug|Any CPU
		{DC061E02-53A3-48F2-BBEE-D7732222B390}.Release|Any CPU.ActiveCfg = Release|Any CPU
		{DC061E02-53A3-48F2-BBEE-D7732222B390}.Release|Any CPU.Build.0 = Release|Any CPU
		{DC061E02-53A3-48F2-BBEE-D7732222B390}.Release|x64.ActiveCfg = Release|Any CPU
		{DC061E02-53A3-48F2-BBEE-D7732222B390}.Release|x64.Build.0 = Release|Any CPU
		{DC061E02-53A3-48F2-BBEE-D7732222B390}.Release|x86.ActiveCfg = Release|Any CPU
		{DC061E02-53A3-48F2-BBEE-D7732222B390}.Release|x86.Build.0 = Release|Any CPU
		{B5218433-B6EF-46C3-9409-C0C44B48D87B}.Debug|Any CPU.ActiveCfg = Debug|Any CPU
		{B5218433-B6EF-46C3-9409-C0C44B48D87B}.Debug|Any CPU.Build.0 = Debug|Any CPU
		{B5218433-B6EF-46C3-9409-C0C44B48D87B}.Debug|x64.ActiveCfg = Debug|Any CPU
		{B5218433-B6EF-46C3-9409-C0C44B48D87B}.Debug|x64.Build.0 = Debug|Any CPU
		{B5218433-B6EF-46C3-9409-C0C44B48D87B}.Debug|x86.ActiveCfg = Debug|Any CPU
		{B5218433-B6EF-46C3-9409-C0C44B48D87B}.Debug|x86.Build.0 = Debug|Any CPU
		{B5218433-B6EF-46C3-9409-C0C44B48D87B}.Release|Any CPU.ActiveCfg = Release|Any CPU
		{B5218433-B6EF-46C3-9409-C0C44B48D87B}.Release|Any CPU.Build.0 = Release|Any CPU
		{B5218433-B6EF-46C3-9409-C0C44B48D87B}.Release|x64.ActiveCfg = Release|Any CPU
		{B5218433-B6EF-46C3-9409-C0C44B48D87B}.Release|x64.Build.0 = Release|Any CPU
		{B5218433-B6EF-46C3-9409-C0C44B48D87B}.Release|x86.ActiveCfg = Release|Any CPU
		{B5218433-B6EF-46C3-9409-C0C44B48D87B}.Release|x86.Build.0 = Release|Any CPU
	EndGlobalSection
EndGlobal
